// !$*UTF8*$!
{
	archiveVersion = 1;
	classes = {
	};
	objectVersion = 55;
	objects = {

/* Begin PBXBuildFile section */
		D0C950FA29CA432E0099E253 /* AppDelegate.swift in Sources */ = {isa = PBXBuildFile; fileRef = D0C950F929CA432E0099E253 /* AppDelegate.swift */; };
		D0C950FC29CA432E0099E253 /* SceneDelegate.swift in Sources */ = {isa = PBXBuildFile; fileRef = D0C950FB29CA432E0099E253 /* SceneDelegate.swift */; };
		D0C950FE29CA432E0099E253 /* CurrancyViewController.swift in Sources */ = {isa = PBXBuildFile; fileRef = D0C950FD29CA432E0099E253 /* CurrancyViewController.swift */; };
		D0C9510329CA432E0099E253 /* Assets.xcassets in Resources */ = {isa = PBXBuildFile; fileRef = D0C9510229CA432E0099E253 /* Assets.xcassets */; };
		D0C9510629CA432E0099E253 /* LaunchScreen.storyboard in Resources */ = {isa = PBXBuildFile; fileRef = D0C9510429CA432E0099E253 /* LaunchScreen.storyboard */; };
		D0C9510F29CA439F0099E253 /* Alamofire in Frameworks */ = {isa = PBXBuildFile; productRef = D0C9510E29CA439F0099E253 /* Alamofire */; };
		D0C9511229CA44880099E253 /* SnapKit in Frameworks */ = {isa = PBXBuildFile; productRef = D0C9511129CA44880099E253 /* SnapKit */; };
		D0C9511429CA64C70099E253 /* Model.swift in Sources */ = {isa = PBXBuildFile; fileRef = D0C9511329CA64C70099E253 /* Model.swift */; };
		D0C9511729CA66E50099E253 /* SwiftyJSON in Frameworks */ = {isa = PBXBuildFile; productRef = D0C9511629CA66E50099E253 /* SwiftyJSON */; };
/* End PBXBuildFile section */

/* Begin PBXFileReference section */
		D0C950F629CA432E0099E253 /* AlamofireProject.app */ = {isa = PBXFileReference; explicitFileType = wrapper.application; includeInIndex = 0; path = AlamofireProject.app; sourceTree = BUILT_PRODUCTS_DIR; };
		D0C950F929CA432E0099E253 /* AppDelegate.swift */ = {isa = PBXFileReference; lastKnownFileType = sourcecode.swift; path = AppDelegate.swift; sourceTree = "<group>"; };
		D0C950FB29CA432E0099E253 /* SceneDelegate.swift */ = {isa = PBXFileReference; lastKnownFileType = sourcecode.swift; path = SceneDelegate.swift; sourceTree = "<group>"; };
		D0C950FD29CA432E0099E253 /* CurrancyViewController.swift */ = {isa = PBXFileReference; lastKnownFileType = sourcecode.swift; path = CurrancyViewController.swift; sourceTree = "<group>"; };
		D0C9510229CA432E0099E253 /* Assets.xcassets */ = {isa = PBXFileReference; lastKnownFileType = folder.assetcatalog; path = Assets.xcassets; sourceTree = "<group>"; };
		D0C9510529CA432E0099E253 /* Base */ = {isa = PBXFileReference; lastKnownFileType = file.storyboard; name = Base; path = Base.lproj/LaunchScreen.storyboard; sourceTree = "<group>"; };
		D0C9510729CA432E0099E253 /* Info.plist */ = {isa = PBXFileReference; lastKnownFileType = text.plist.xml; path = Info.plist; sourceTree = "<group>"; };
		D0C9511329CA64C70099E253 /* Model.swift */ = {isa = PBXFileReference; lastKnownFileType = sourcecode.swift; path = Model.swift; sourceTree = "<group>"; };
/* End PBXFileReference section */

/* Begin PBXFrameworksBuildPhase section */
		D0C950F329CA432E0099E253 /* Frameworks */ = {
			isa = PBXFrameworksBuildPhase;
			buildActionMask = 2147483647;
			files = (
				D0C9511729CA66E50099E253 /* SwiftyJSON in Frameworks */,
				D0C9510F29CA439F0099E253 /* Alamofire in Frameworks */,
				D0C9511229CA44880099E253 /* SnapKit in Frameworks */,
			);
			runOnlyForDeploymentPostprocessing = 0;
		};
/* End PBXFrameworksBuildPhase section */

/* Begin PBXGroup section */
		D0C950ED29CA432D0099E253 = {
			isa = PBXGroup;
			children = (
				D0C950F829CA432E0099E253 /* AlamofireProject */,
				D0C950F729CA432E0099E253 /* Products */,
			);
			sourceTree = "<group>";
		};
		D0C950F729CA432E0099E253 /* Products */ = {
			isa = PBXGroup;
			children = (
				D0C950F629CA432E0099E253 /* AlamofireProject.app */,
			);
			name = Products;
			sourceTree = "<group>";
		};
		D0C950F829CA432E0099E253 /* AlamofireProject */ = {
			isa = PBXGroup;
			children = (
				D0C9511A29CA6FC30099E253 /* Controllers */,
				D0C9511929CA6FA90099E253 /* Supporting */,
				D0C9511829CA6F9F0099E253 /* Model */,
				D0C9510729CA432E0099E253 /* Info.plist */,
			);
			path = AlamofireProject;
			sourceTree = "<group>";
		};
		D0C9511829CA6F9F0099E253 /* Model */ = {
			isa = PBXGroup;
			children = (
				D0C9511329CA64C70099E253 /* Model.swift */,
			);
			path = Model;
			sourceTree = "<group>";
		};
		D0C9511929CA6FA90099E253 /* Supporting */ = {
			isa = PBXGroup;
			children = (
				D0C950F929CA432E0099E253 /* AppDelegate.swift */,
				D0C950FB29CA432E0099E253 /* SceneDelegate.swift */,
				D0C9510229CA432E0099E253 /* Assets.xcassets */,
				D0C9510429CA432E0099E253 /* LaunchScreen.storyboard */,
			);
			path = Supporting;
			sourceTree = "<group>";
		};
		D0C9511A29CA6FC30099E253 /* Controllers */ = {
			isa = PBXGroup;
			children = (
				D0C950FD29CA432E0099E253 /* CurrancyViewController.swift */,
			);
			path = Controllers;
			sourceTree = "<group>";
		};
/* End PBXGroup section */

/* Begin PBXNativeTarget section */
		D0C950F529CA432E0099E253 /* AlamofireProject */ = {
			isa = PBXNativeTarget;
			buildConfigurationList = D0C9510A29CA432E0099E253 /* Build configuration list for PBXNativeTarget "AlamofireProject" */;
			buildPhases = (
				D0C950F229CA432E0099E253 /* Sources */,
				D0C950F329CA432E0099E253 /* Frameworks */,
				D0C950F429CA432E0099E253 /* Resources */,
			);
			buildRules = (
			);
			dependencies = (
			);
			name = AlamofireProject;
			packageProductDependencies = (
				D0C9510E29CA439F0099E253 /* Alamofire */,
				D0C9511129CA44880099E253 /* SnapKit */,
				D0C9511629CA66E50099E253 /* SwiftyJSON */,
			);
			productName = AlamofireProject;
			productReference = D0C950F629CA432E0099E253 /* AlamofireProject.app */;
			productType = "com.apple.product-type.application";
		};
/* End PBXNativeTarget section */

/* Begin PBXProject section */
		D0C950EE29CA432D0099E253 /* Project object */ = {
			isa = PBXProject;
			attributes = {
				BuildIndependentTargetsInParallel = 1;
				LastSwiftUpdateCheck = 1410;
				LastUpgradeCheck = 1410;
				TargetAttributes = {
					D0C950F529CA432E0099E253 = {
						CreatedOnToolsVersion = 14.1;
					};
				};
			};
			buildConfigurationList = D0C950F129CA432D0099E253 /* Build configuration list for PBXProject "AlamofireProject" */;
			compatibilityVersion = "Xcode 13.0";
			developmentRegion = en;
			hasScannedForEncodings = 0;
			knownRegions = (
				en,
				Base,
			);
			mainGroup = D0C950ED29CA432D0099E253;
			packageReferences = (
				D0C9510D29CA439F0099E253 /* XCRemoteSwiftPackageReference "Alamofire" */,
				D0C9511029CA44880099E253 /* XCRemoteSwiftPackageReference "SnapKit" */,
				D0C9511529CA66E50099E253 /* XCRemoteSwiftPackageReference "SwiftyJSON" */,
			);
			productRefGroup = D0C950F729CA432E0099E253 /* Products */;
			projectDirPath = "";
			projectRoot = "";
			targets = (
				D0C950F529CA432E0099E253 /* AlamofireProject */,
			);
		};
/* End PBXProject section */

/* Begin PBXResourcesBuildPhase section */
		D0C950F429CA432E0099E253 /* Resources */ = {
			isa = PBXResourcesBuildPhase;
			buildActionMask = 2147483647;
			files = (
				D0C9510629CA432E0099E253 /* LaunchScreen.storyboard in Resources */,
				D0C9510329CA432E0099E253 /* Assets.xcassets in Resources */,
			);
			runOnlyForDeploymentPostprocessing = 0;
		};
/* End PBXResourcesBuildPhase section */

/* Begin PBXSourcesBuildPhase section */
		D0C950F229CA432E0099E253 /* Sources */ = {
			isa = PBXSourcesBuildPhase;
			buildActionMask = 2147483647;
			files = (
				D0C950FE29CA432E0099E253 /* CurrancyViewController.swift in Sources */,
				D0C950FA29CA432E0099E253 /* AppDelegate.swift in Sources */,
				D0C950FC29CA432E0099E253 /* SceneDelegate.swift in Sources */,
				D0C9511429CA64C70099E253 /* Model.swift in Sources */,
			);
			runOnlyForDeploymentPostprocessing = 0;
		};
/* End PBXSourcesBuildPhase section */

/* Begin PBXVariantGroup section */
		D0C9510429CA432E0099E253 /* LaunchScreen.storyboard */ = {
			isa = PBXVariantGroup;
			children = (
				D0C9510529CA432E0099E253 /* Base */,
			);
			name = LaunchScreen.storyboard;
			sourceTree = "<group>";
		};
/* End PBXVariantGroup section */

/* Begin XCBuildConfiguration section */
		D0C9510829CA432E0099E253 /* Debug */ = {
			isa = XCBuildConfiguration;
			buildSettings = {
				ALWAYS_SEARCH_USER_PATHS = NO;
				CLANG_ANALYZER_NONNULL = YES;
				CLANG_ANALYZER_NUMBER_OBJECT_CONVERSION = YES_AGGRESSIVE;
				CLANG_CXX_LANGUAGE_STANDARD = "gnu++20";
				CLANG_ENABLE_MODULES = YES;
				CLANG_ENABLE_OBJC_ARC = YES;
				CLANG_ENABLE_OBJC_WEAK = YES;
				CLANG_WARN_BLOCK_CAPTURE_AUTORELEASING = YES;
				CLANG_WARN_BOOL_CONVERSION = YES;
				CLANG_WARN_COMMA = YES;
				CLANG_WARN_CONSTANT_CONVERSION = YES;
				CLANG_WARN_DEPRECATED_OBJC_IMPLEMENTATIONS = YES;
				CLANG_WARN_DIRECT_OBJC_ISA_USAGE = YES_ERROR;
				CLANG_WARN_DOCUMENTATION_COMMENTS = YES;
				CLANG_WARN_EMPTY_BODY = YES;
				CLANG_WARN_ENUM_CONVERSION = YES;
				CLANG_WARN_INFINITE_RECURSION = YES;
				CLANG_WARN_INT_CONVERSION = YES;
				CLANG_WARN_NON_LITERAL_NULL_CONVERSION = YES;
				CLANG_WARN_OBJC_IMPLICIT_RETAIN_SELF = YES;
				CLANG_WARN_OBJC_LITERAL_CONVERSION = YES;
				CLANG_WARN_OBJC_ROOT_CLASS = YES_ERROR;
				CLANG_WARN_QUOTED_INCLUDE_IN_FRAMEWORK_HEADER = YES;
				CLANG_WARN_RANGE_LOOP_ANALYSIS = YES;
				CLANG_WARN_STRICT_PROTOTYPES = YES;
				CLANG_WARN_SUSPICIOUS_MOVE = YES;
				CLANG_WARN_UNGUARDED_AVAILABILITY = YES_AGGRESSIVE;
				CLANG_WARN_UNREACHABLE_CODE = YES;
				CLANG_WARN__DUPLICATE_METHOD_MATCH = YES;
				COPY_PHASE_STRIP = NO;
				DEBUG_INFORMATION_FORMAT = dwarf;
				ENABLE_STRICT_OBJC_MSGSEND = YES;
				ENABLE_TESTABILITY = YES;
				GCC_C_LANGUAGE_STANDARD = gnu11;
				GCC_DYNAMIC_NO_PIC = NO;
				GCC_NO_COMMON_BLOCKS = YES;
				GCC_OPTIMIZATION_LEVEL = 0;
				GCC_PREPROCESSOR_DEFINITIONS = (
					"DEBUG=1",
					"$(inherited)",
				);
				GCC_WARN_64_TO_32_BIT_CONVERSION = YES;
				GCC_WARN_ABOUT_RETURN_TYPE = YES_ERROR;
				GCC_WARN_UNDECLARED_SELECTOR = YES;
				GCC_WARN_UNINITIALIZED_AUTOS = YES_AGGRESSIVE;
				GCC_WARN_UNUSED_FUNCTION = YES;
				GCC_WARN_UNUSED_VARIABLE = YES;
				IPHONEOS_DEPLOYMENT_TARGET = 16.1;
				MTL_ENABLE_DEBUG_INFO = INCLUDE_SOURCE;
				MTL_FAST_MATH = YES;
				ONLY_ACTIVE_ARCH = YES;
				SDKROOT = iphoneos;
				SWIFT_ACTIVE_COMPILATION_CONDITIONS = DEBUG;
				SWIFT_OPTIMIZATION_LEVEL = "-Onone";
			};
			name = Debug;
		};
		D0C9510929CA432E0099E253 /* Release */ = {
			isa = XCBuildConfiguration;
			buildSettings = {
				ALWAYS_SEARCH_USER_PATHS = NO;
				CLANG_ANALYZER_NONNULL = YES;
				CLANG_ANALYZER_NUMBER_OBJECT_CONVERSION = YES_AGGRESSIVE;
				CLANG_CXX_LANGUAGE_STANDARD = "gnu++20";
				CLANG_ENABLE_MODULES = YES;
				CLANG_ENABLE_OBJC_ARC = YES;
				CLANG_ENABLE_OBJC_WEAK = YES;
				CLANG_WARN_BLOCK_CAPTURE_AUTORELEASING = YES;
				CLANG_WARN_BOOL_CONVERSION = YES;
				CLANG_WARN_COMMA = YES;
				CLANG_WARN_CONSTANT_CONVERSION = YES;
				CLANG_WARN_DEPRECATED_OBJC_IMPLEMENTATIONS = YES;
				CLANG_WARN_DIRECT_OBJC_ISA_USAGE = YES_ERROR;
				CLANG_WARN_DOCUMENTATION_COMMENTS = YES;
				CLANG_WARN_EMPTY_BODY = YES;
				CLANG_WARN_ENUM_CONVERSION = YES;
				CLANG_WARN_INFINITE_RECURSION = YES;
				CLANG_WARN_INT_CONVERSION = YES;
				CLANG_WARN_NON_LITERAL_NULL_CONVERSION = YES;
				CLANG_WARN_OBJC_IMPLICIT_RETAIN_SELF = YES;
				CLANG_WARN_OBJC_LITERAL_CONVERSION = YES;
				CLANG_WARN_OBJC_ROOT_CLASS = YES_ERROR;
				CLANG_WARN_QUOTED_INCLUDE_IN_FRAMEWORK_HEADER = YES;
				CLANG_WARN_RANGE_LOOP_ANALYSIS = YES;
				CLANG_WARN_STRICT_PROTOTYPES = YES;
				CLANG_WARN_SUSPICIOUS_MOVE = YES;
				CLANG_WARN_UNGUARDED_AVAILABILITY = YES_AGGRESSIVE;
				CLANG_WARN_UNREACHABLE_CODE = YES;
				CLANG_WARN__DUPLICATE_METHOD_MATCH = YES;
				COPY_PHASE_STRIP = NO;
				DEBUG_INFORMATION_FORMAT = "dwarf-with-dsym";
				ENABLE_NS_ASSERTIONS = NO;
				ENABLE_STRICT_OBJC_MSGSEND = YES;
				GCC_C_LANGUAGE_STANDARD = gnu11;
				GCC_NO_COMMON_BLOCKS = YES;
				GCC_WARN_64_TO_32_BIT_CONVERSION = YES;
				GCC_WARN_ABOUT_RETURN_TYPE = YES_ERROR;
				GCC_WARN_UNDECLARED_SELECTOR = YES;
				GCC_WARN_UNINITIALIZED_AUTOS = YES_AGGRESSIVE;
				GCC_WARN_UNUSED_FUNCTION = YES;
				GCC_WARN_UNUSED_VARIABLE = YES;
				IPHONEOS_DEPLOYMENT_TARGET = 16.1;
				MTL_ENABLE_DEBUG_INFO = NO;
				MTL_FAST_MATH = YES;
				SDKROOT = iphoneos;
				SWIFT_COMPILATION_MODE = wholemodule;
				SWIFT_OPTIMIZATION_LEVEL = "-O";
				VALIDATE_PRODUCT = YES;
			};
			name = Release;
		};
		D0C9510B29CA432E0099E253 /* Debug */ = {
			isa = XCBuildConfiguration;
			buildSettings = {
				ASSETCATALOG_COMPILER_APPICON_NAME = AppIcon;
				ASSETCATALOG_COMPILER_GLOBAL_ACCENT_COLOR_NAME = AccentColor;
				CODE_SIGN_STYLE = Automatic;
				CURRENT_PROJECT_VERSION = 1;
				DEVELOPMENT_TEAM = 3GM562BC5S;
				GENERATE_INFOPLIST_FILE = YES;
				INFOPLIST_FILE = AlamofireProject/Info.plist;
				INFOPLIST_KEY_UIApplicationSupportsIndirectInputEvents = YES;
				INFOPLIST_KEY_UILaunchStoryboardName = LaunchScreen;
				INFOPLIST_KEY_UISupportedInterfaceOrientations_iPad = "UIInterfaceOrientationPortrait UIInterfaceOrientationPortraitUpsideDown UIInterfaceOrientationLandscapeLeft UIInterfaceOrientationLandscapeRight";
				INFOPLIST_KEY_UISupportedInterfaceOrientations_iPhone = "UIInterfaceOrientationPortrait UIInterfaceOrientationLandscapeLeft UIInterfaceOrientationLandscapeRight";
				LD_RUNPATH_SEARCH_PATHS = (
					"$(inherited)",
					"@executable_path/Frameworks",
				);
				MARKETING_VERSION = 1.0;
				PRODUCT_BUNDLE_IDENTIFIER = Junior.AlamofireProject;
				PRODUCT_NAME = "$(TARGET_NAME)";
				SUPPORTED_PLATFORMS = "iphoneos iphonesimulator";
				SUPPORTS_MACCATALYST = NO;
				SUPPORTS_MAC_DESIGNED_FOR_IPHONE_IPAD = NO;
				SWIFT_EMIT_LOC_STRINGS = YES;
				SWIFT_VERSION = 5.0;
				TARGETED_DEVICE_FAMILY = "1,2";
			};
			name = Debug;
		};
		D0C9510C29CA432E0099E253 /* Release */ = {
			isa = XCBuildConfiguration;
			buildSettings = {
				ASSETCATALOG_COMPILER_APPICON_NAME = AppIcon;
				ASSETCATALOG_COMPILER_GLOBAL_ACCENT_COLOR_NAME = AccentColor;
				CODE_SIGN_STYLE = Automatic;
				CURRENT_PROJECT_VERSION = 1;
				DEVELOPMENT_TEAM = 3GM562BC5S;
				GENERATE_INFOPLIST_FILE = YES;
				INFOPLIST_FILE = AlamofireProject/Info.plist;
				INFOPLIST_KEY_UIApplicationSupportsIndirectInputEvents = YES;
				INFOPLIST_KEY_UILaunchStoryboardName = LaunchScreen;
				INFOPLIST_KEY_UISupportedInterfaceOrientations_iPad = "UIInterfaceOrientationPortrait UIInterfaceOrientationPortraitUpsideDown UIInterfaceOrientationLandscapeLeft UIInterfaceOrientationLandscapeRight";
				INFOPLIST_KEY_UISupportedInterfaceOrientations_iPhone = "UIInterfaceOrientationPortrait UIInterfaceOrientationLandscapeLeft UIInterfaceOrientationLandscapeRight";
				LD_RUNPATH_SEARCH_PATHS = (
					"$(inherited)",
					"@executable_path/Frameworks",
				);
				MARKETING_VERSION = 1.0;
				PRODUCT_BUNDLE_IDENTIFIER = Junior.AlamofireProject;
				PRODUCT_NAME = "$(TARGET_NAME)";
				SUPPORTED_PLATFORMS = "iphoneos iphonesimulator";
				SUPPORTS_MACCATALYST = NO;
				SUPPORTS_MAC_DESIGNED_FOR_IPHONE_IPAD = NO;
				SWIFT_EMIT_LOC_STRINGS = YES;
				SWIFT_VERSION = 5.0;
				TARGETED_DEVICE_FAMILY = "1,2";
			};
			name = Release;
		};
/* End XCBuildConfiguration section */

/* Begin XCConfigurationList section */
		D0C950F129CA432D0099E253 /* Build configuration list for PBXProject "AlamofireProject" */ = {
			isa = XCConfigurationList;
			buildConfigurations = (
				D0C9510829CA432E0099E253 /* Debug */,
				D0C9510929CA432E0099E253 /* Release */,
			);
			defaultConfigurationIsVisible = 0;
			defaultConfigurationName = Release;
		};
		D0C9510A29CA432E0099E253 /* Build configuration list for PBXNativeTarget "AlamofireProject" */ = {
			isa = XCConfigurationList;
			buildConfigurations = (
				D0C9510B29CA432E0099E253 /* Debug */,
				D0C9510C29CA432E0099E253 /* Release */,
			);
			defaultConfigurationIsVisible = 0;
			defaultConfigurationName = Release;
		};
/* End XCConfigurationList section */

/* Begin XCRemoteSwiftPackageReference section */
		D0C9510D29CA439F0099E253 /* XCRemoteSwiftPackageReference "Alamofire" */ = {
			isa = XCRemoteSwiftPackageReference;
			repositoryURL = "https://github.com/Alamofire/Alamofire.git";
			requirement = {
				kind = upToNextMajorVersion;
				minimumVersion = 5.0.0;
			};
		};
		D0C9511029CA44880099E253 /* XCRemoteSwiftPackageReference "SnapKit" */ = {
			isa = XCRemoteSwiftPackageReference;
			repositoryURL = "https://github.com/SnapKit/SnapKit.git";
			requirement = {
				branch = develop;
				kind = branch;
			};
		};
		D0C9511529CA66E50099E253 /* XCRemoteSwiftPackageReference "SwiftyJSON" */ = {
			isa = XCRemoteSwiftPackageReference;
			repositoryURL = "https://github.com/SwiftyJSON/SwiftyJSON.git";
			requirement = {
				kind = upToNextMajorVersion;
				minimumVersion = 5.0.0;
			};
		};
/* End XCRemoteSwiftPackageReference section */

/* Begin XCSwiftPackageProductDependency section */
		D0C9510E29CA439F0099E253 /* Alamofire */ = {
			isa = XCSwiftPackageProductDependency;
			package = D0C9510D29CA439F0099E253 /* XCRemoteSwiftPackageReference "Alamofire" */;
			productName = Alamofire;
		};
		D0C9511129CA44880099E253 /* SnapKit */ = {
			isa = XCSwiftPackageProductDependency;
			package = D0C9511029CA44880099E253 /* XCRemoteSwiftPackageReference "SnapKit" */;
			productName = SnapKit;
		};
		D0C9511629CA66E50099E253 /* SwiftyJSON */ = {
			isa = XCSwiftPackageProductDependency;
			package = D0C9511529CA66E50099E253 /* XCRemoteSwiftPackageReference "SwiftyJSON" */;
			productName = SwiftyJSON;
		};
/* End XCSwiftPackageProductDependency section */
	};
	rootObject = D0C950EE29CA432D0099E253 /* Project object */;
}
